
Microsoft Visual Studio Solution File, Format Version 12.00
# Visual Studio Version 17
VisualStudioVersion = 17.3.32825.248
MinimumVisualStudioVersion = 10.0.40219.1
Project("{FAE04EC0-301F-11D3-BF4B-00C04F79EFBC}") = "Movie_Web_API", "Movie_Web_API\Movie_Web_API.csproj", "{C3F7A567-C719-4382-B7EE-2349ECF1B474}"
EndProject
Global
	GlobalSection(SolutionConfigurationPlatforms) = preSolution
		Debug|Any CPU = Debug|Any CPU
		Release|Any CPU = Release|Any CPU
	EndGlobalSection
	GlobalSection(ProjectConfigurationPlatforms) = postSolution
		{C3F7A567-C719-4382-B7EE-2349ECF1B474}.Debug|Any CPU.ActiveCfg = Debug|Any CPU
		{C3F7A567-C719-4382-B7EE-2349ECF1B474}.Debug|Any CPU.Build.0 = Debug|Any CPU
		{C3F7A567-C719-4382-B7EE-2349ECF1B474}.Release|Any CPU.ActiveCfg = Release|Any CPU
		{C3F7A567-C719-4382-B7EE-2349ECF1B474}.Release|Any CPU.Build.0 = Release|Any CPU
	EndGlobalSection
	GlobalSection(SolutionProperties) = preSolution
		HideSolutionNode = FALSE
	EndGlobalSection
	GlobalSection(ExtensibilityGlobals) = postSolution
		SolutionGuid = {917707A0-DF90-4E9C-B397-D51C491F0235}
	EndGlobalSection
EndGlobal
